
Microsoft Visual Studio Solution File, Format Version 12.00
# Visual Studio Version 17
VisualStudioVersion = 17.13.35931.197 d17.13
MinimumVisualStudioVersion = 10.0.40219.1
Project("{FAE04EC0-301F-11D3-BF4B-00C04F79EFBC}") = "Module_11.2_Var_Const_Liter", "Module_11.2_Var_Const_Liter\Module_11.2_Var_Const_Liter.csproj", "{D5954566-D039-4E5E-B78A-F3221250C778}"
EndProject
Global
	GlobalSection(SolutionConfigurationPlatforms) = preSolution
		Debug|Any CPU = Debug|Any CPU
		Release|Any CPU = Release|Any CPU
	EndGlobalSection
	GlobalSection(ProjectConfigurationPlatforms) = postSolution
		{D5954566-D039-4E5E-B78A-F3221250C778}.Debug|Any CPU.ActiveCfg = Debug|Any CPU
		{D5954566-D039-4E5E-B78A-F3221250C778}.Debug|Any CPU.Build.0 = Debug|Any CPU
		{D5954566-D039-4E5E-B78A-F3221250C778}.Release|Any CPU.ActiveCfg = Release|Any CPU
		{D5954566-D039-4E5E-B78A-F3221250C778}.Release|Any CPU.Build.0 = Release|Any CPU
	EndGlobalSection
	GlobalSection(SolutionProperties) = preSolution
		HideSolutionNode = FALSE
	EndGlobalSection
	GlobalSection(ExtensibilityGlobals) = postSolution
		SolutionGuid = {C15009DD-D9DA-4748-96DC-533636C79B44}
	EndGlobalSection
EndGlobal
